
Microsoft Visual Studio Solution File, Format Version 12.00
# Visual Studio Version 16
VisualStudioVersion = 25.0.1700.0
MinimumVisualStudioVersion = 10.0.40219.1
Project("{FAE04EC0-301F-11D3-BF4B-00C04F79EFBC}") = "DemoClient.Android", "DemoClient\DemoClient.Android\DemoClient.Android.csproj", "{1B0E9C13-05B4-4517-ABBD-4CBE7620CDAF}"
EndProject
Project("{FAE04EC0-301F-11D3-BF4B-00C04F79EFBC}") = "DemoClient.iOS", "DemoClient\DemoClient.iOS\DemoClient.iOS.csproj", "{9B84A233-4A67-46DF-B4E3-10B19DC5F042}"
EndProject
Project("{FAE04EC0-301F-11D3-BF4B-00C04F79EFBC}") = "DemoClient", "DemoClient\DemoClient\DemoClient.csproj", "{D3B5C67B-F46F-4B6D-90CA-E2B680718CE6}"
EndProject
Global
	GlobalSection(SolutionConfigurationPlatforms) = preSolution
		Debug|Any CPU = Debug|Any CPU
		Release|Any CPU = Release|Any CPU
		Debug|iPhoneSimulator = Debug|iPhoneSimulator
		Release|iPhoneSimulator = Release|iPhoneSimulator
		Debug|iPhone = Debug|iPhone
		Release|iPhone = Release|iPhone
	EndGlobalSection
	GlobalSection(ProjectConfigurationPlatforms) = postSolution
		{1B0E9C13-05B4-4517-ABBD-4CBE7620CDAF}.Debug|Any CPU.ActiveCfg = Debug|Any CPU
		{1B0E9C13-05B4-4517-ABBD-4CBE7620CDAF}.Debug|Any CPU.Build.0 = Debug|Any CPU
		{1B0E9C13-05B4-4517-ABBD-4CBE7620CDAF}.Release|Any CPU.ActiveCfg = Release|Any CPU
		{1B0E9C13-05B4-4517-ABBD-4CBE7620CDAF}.Release|Any CPU.Build.0 = Release|Any CPU
		{1B0E9C13-05B4-4517-ABBD-4CBE7620CDAF}.Debug|iPhoneSimulator.ActiveCfg = Debug|Any CPU
		{1B0E9C13-05B4-4517-ABBD-4CBE7620CDAF}.Debug|iPhoneSimulator.Build.0 = Debug|Any CPU
		{1B0E9C13-05B4-4517-ABBD-4CBE7620CDAF}.Release|iPhoneSimulator.ActiveCfg = Release|Any CPU
		{1B0E9C13-05B4-4517-ABBD-4CBE7620CDAF}.Release|iPhoneSimulator.Build.0 = Release|Any CPU
		{1B0E9C13-05B4-4517-ABBD-4CBE7620CDAF}.Debug|iPhone.ActiveCfg = Debug|Any CPU
		{1B0E9C13-05B4-4517-ABBD-4CBE7620CDAF}.Debug|iPhone.Build.0 = Debug|Any CPU
		{1B0E9C13-05B4-4517-ABBD-4CBE7620CDAF}.Release|iPhone.ActiveCfg = Release|Any CPU
		{1B0E9C13-05B4-4517-ABBD-4CBE7620CDAF}.Release|iPhone.Build.0 = Release|Any CPU
		{9B84A233-4A67-46DF-B4E3-10B19DC5F042}.Debug|Any CPU.ActiveCfg = Debug|iPhoneSimulator
		{9B84A233-4A67-46DF-B4E3-10B19DC5F042}.Debug|Any CPU.Build.0 = Debug|iPhoneSimulator
		{9B84A233-4A67-46DF-B4E3-10B19DC5F042}.Release|Any CPU.ActiveCfg = Release|iPhoneSimulator
		{9B84A233-4A67-46DF-B4E3-10B19DC5F042}.Release|Any CPU.Build.0 = Release|iPhoneSimulator
		{9B84A233-4A67-46DF-B4E3-10B19DC5F042}.Debug|iPhoneSimulator.ActiveCfg = Debug|iPhoneSimulator
		{9B84A233-4A67-46DF-B4E3-10B19DC5F042}.Debug|iPhoneSimulator.Build.0 = Debug|iPhoneSimulator
		{9B84A233-4A67-46DF-B4E3-10B19DC5F042}.Release|iPhoneSimulator.ActiveCfg = Release|iPhoneSimulator
		{9B84A233-4A67-46DF-B4E3-10B19DC5F042}.Release|iPhoneSimulator.Build.0 = Release|iPhoneSimulator
		{9B84A233-4A67-46DF-B4E3-10B19DC5F042}.Debug|iPhone.ActiveCfg = Debug|iPhone
		{9B84A233-4A67-46DF-B4E3-10B19DC5F042}.Debug|iPhone.Build.0 = Debug|iPhone
		{9B84A233-4A67-46DF-B4E3-10B19DC5F042}.Release|iPhone.ActiveCfg = Release|iPhone
		{9B84A233-4A67-46DF-B4E3-10B19DC5F042}.Release|iPhone.Build.0 = Release|iPhone
		{D3B5C67B-F46F-4B6D-90CA-E2B680718CE6}.Debug|Any CPU.ActiveCfg = Debug|Any CPU
		{D3B5C67B-F46F-4B6D-90CA-E2B680718CE6}.Debug|Any CPU.Build.0 = Debug|Any CPU
		{D3B5C67B-F46F-4B6D-90CA-E2B680718CE6}.Release|Any CPU.ActiveCfg = Release|Any CPU
		{D3B5C67B-F46F-4B6D-90CA-E2B680718CE6}.Release|Any CPU.Build.0 = Release|Any CPU
		{D3B5C67B-F46F-4B6D-90CA-E2B680718CE6}.Debug|iPhoneSimulator.ActiveCfg = Debug|Any CPU
		{D3B5C67B-F46F-4B6D-90CA-E2B680718CE6}.Debug|iPhoneSimulator.Build.0 = Debug|Any CPU
		{D3B5C67B-F46F-4B6D-90CA-E2B680718CE6}.Release|iPhoneSimulator.ActiveCfg = Release|Any CPU
		{D3B5C67B-F46F-4B6D-90CA-E2B680718CE6}.Release|iPhoneSimulator.Build.0 = Release|Any CPU
		{D3B5C67B-F46F-4B6D-90CA-E2B680718CE6}.Debug|iPhone.ActiveCfg = Debug|Any CPU
		{D3B5C67B-F46F-4B6D-90CA-E2B680718CE6}.Debug|iPhone.Build.0 = Debug|Any CPU
		{D3B5C67B-F46F-4B6D-90CA-E2B680718CE6}.Release|iPhone.ActiveCfg = Release|Any CPU
		{D3B5C67B-F46F-4B6D-90CA-E2B680718CE6}.Release|iPhone.Build.0 = Release|Any CPU
	EndGlobalSection
	GlobalSection(SolutionProperties) = preSolution
		HideSolutionNode = FALSE
	EndGlobalSection
	GlobalSection(ExtensibilityGlobals) = postSolution
		SolutionGuid = {4E9324DE-8067-4CB2-BD2D-684FD4064116}
	EndGlobalSection
EndGlobal
